
Microsoft Visual Studio Solution File, Format Version 12.00
# Visual Studio Version 16
VisualStudioVersion = 16.0.30114.105
MinimumVisualStudioVersion = 10.0.40219.1
Project("{9A19103F-16F7-4668-BE54-9A1E7A4F7556}") = "Resiliency.Client", "Resiliency.Client.Web\Resiliency.Client.csproj", "{60275273-345B-48A4-8861-A5FC0A7F07D3}"
EndProject
Project("{9A19103F-16F7-4668-BE54-9A1E7A4F7556}") = "Resiliency.Service", "Resiliency.Service\Resiliency.Service.csproj", "{212DEFCA-AF0A-442A-BBB3-26D3225A3D4D}"
EndProject
Global
	GlobalSection(SolutionConfigurationPlatforms) = preSolution
		Debug|Any CPU = Debug|Any CPU
		Release|Any CPU = Release|Any CPU
	EndGlobalSection
	GlobalSection(ProjectConfigurationPlatforms) = postSolution
		{60275273-345B-48A4-8861-A5FC0A7F07D3}.Debug|Any CPU.ActiveCfg = Debug|Any CPU
		{60275273-345B-48A4-8861-A5FC0A7F07D3}.Debug|Any CPU.Build.0 = Debug|Any CPU
		{60275273-345B-48A4-8861-A5FC0A7F07D3}.Release|Any CPU.ActiveCfg = Release|Any CPU
		{60275273-345B-48A4-8861-A5FC0A7F07D3}.Release|Any CPU.Build.0 = Release|Any CPU
		{212DEFCA-AF0A-442A-BBB3-26D3225A3D4D}.Debug|Any CPU.ActiveCfg = Debug|Any CPU
		{212DEFCA-AF0A-442A-BBB3-26D3225A3D4D}.Debug|Any CPU.Build.0 = Debug|Any CPU
		{212DEFCA-AF0A-442A-BBB3-26D3225A3D4D}.Release|Any CPU.ActiveCfg = Release|Any CPU
		{212DEFCA-AF0A-442A-BBB3-26D3225A3D4D}.Release|Any CPU.Build.0 = Release|Any CPU
	EndGlobalSection
	GlobalSection(SolutionProperties) = preSolution
		HideSolutionNode = FALSE
	EndGlobalSection
	GlobalSection(ExtensibilityGlobals) = postSolution
		SolutionGuid = {F04B4534-2BE0-4D09-8EA0-5D08F8CCDAB4}
	EndGlobalSection
EndGlobal
